{
  "name": "edgepointlearning.com",
  "version": "1.0.0",
  "lockfileVersion": 1,
  "requires": true,
  "dependencies": {
    "foundation-sites": {
      "version": "6.5.3",
      "resolved": "https://registry.npmjs.org/foundation-sites/-/foundation-sites-6.5.3.tgz",
      "integrity": "sha512-ZwI0idjHHjezh6jRjpPxkczvmtUuJ1uGatZHpyloX0MvsFHfM0BFoxrqdXryXugGPdmb+yJi3JYMnz6+5t3K1A==",
      "dev": true
    },
    "jquery": {
      "version": "3.4.1",
      "resolved": "https://registry.npmjs.org/jquery/-/jquery-3.4.1.tgz",
      "integrity": "sha512-36+AdBzCL+y6qjw5Tx7HgzeGCzC81MDDgaUP8ld2zhx58HdqXGoBd+tHdrBMiyjGQs0Hxs/MLZTu/eHNJJuWPw==",
      "dev": true
    },
    "what-input": {
      "version": "5.2.1",
      "resolved": "https://registry.npmjs.org/what-input/-/what-input-5.2.1.tgz",
      "integrity": "sha512-AMGOidhKd5uzVO4ZIZQ1gg3zz3/NNDYes8h5oVg1NXXju1IvhoNNJk8MB8VFAzkv84w5j7oSQxmuE5lsQKDCHg==",
      "dev": true
    }
  }
}
