{
  "name": "jekyll4",
  "version": "1.0.0",
  "lockfileVersion": 2,
  "requires": true,
  "packages": {
    "": {
      "name": "jekyll4",
      "version": "1.0.0",
      "license": "ISC",
      "dependencies": {
        "foundation-sites": "^6.6.3",
        "jquery": "^3.5.1",
        "lazysizes": "^5.3.0-beta1",
        "motion-ui": "^2.0.3",
        "what-input": "^5.2.10"
      }
    },
    "node_modules/foundation-sites": {
      "version": "6.6.3",
      "resolved": "https://registry.npmjs.org/foundation-sites/-/foundation-sites-6.6.3.tgz",
      "integrity": "sha512-8X93wUAmUg1HhVv8uWMWnwoBLSQWSmFImJencneIZDctswn724Bq/MV1cbPZN/GFWGOB/9ngoQHztfzd4+ovCg==",
      "engines": {
        "node": ">=8.4.0"
      }
    },
    "node_modules/jquery": {
      "version": "3.5.1",
      "resolved": "https://registry.npmjs.org/jquery/-/jquery-3.5.1.tgz",
      "integrity": "sha512-XwIBPqcMn57FxfT+Go5pzySnm4KWkT1Tv7gjrpT1srtf8Weynl6R273VJ5GjkRb51IzMp5nbaPjJXMWeju2MKg=="
    },
    "node_modules/lazysizes": {
      "version": "5.3.0-beta1",
      "resolved": "https://registry.npmjs.org/lazysizes/-/lazysizes-5.3.0-beta1.tgz",
      "integrity": "sha512-4ZEoV4UXvz5L96XBuaFphGlq8BVi78kIA4kL3ls2qSYMEgGBdXMgsh8u+bTVjbdwbXfzXtWc71OH4EfEEPVZoA=="
    },
    "node_modules/motion-ui": {
      "version": "2.0.3",
      "resolved": "https://registry.npmjs.org/motion-ui/-/motion-ui-2.0.3.tgz",
      "integrity": "sha512-f9xzh/hbZTUYjk4M7y1aDcsiPTfqUbuvCv/+If05TSIBEJMu3hGBU+YSe9csQPP7WBBHXxjossEygM/TJo2enw=="
    },
    "node_modules/what-input": {
      "version": "5.2.10",
      "resolved": "https://registry.npmjs.org/what-input/-/what-input-5.2.10.tgz",
      "integrity": "sha512-7AQoIMGq7uU8esmKniOtZG3A+pzlwgeyFpkS3f/yzRbxknSL68tvn5gjE6bZ4OMFxCPjpaBd2udUTqlZ0HwrXQ=="
    }
  },
  "dependencies": {
    "foundation-sites": {
      "version": "6.6.3",
      "resolved": "https://registry.npmjs.org/foundation-sites/-/foundation-sites-6.6.3.tgz",
      "integrity": "sha512-8X93wUAmUg1HhVv8uWMWnwoBLSQWSmFImJencneIZDctswn724Bq/MV1cbPZN/GFWGOB/9ngoQHztfzd4+ovCg=="
    },
    "jquery": {
      "version": "3.5.1",
      "resolved": "https://registry.npmjs.org/jquery/-/jquery-3.5.1.tgz",
      "integrity": "sha512-XwIBPqcMn57FxfT+Go5pzySnm4KWkT1Tv7gjrpT1srtf8Weynl6R273VJ5GjkRb51IzMp5nbaPjJXMWeju2MKg=="
    },
    "lazysizes": {
      "version": "5.3.0-beta1",
      "resolved": "https://registry.npmjs.org/lazysizes/-/lazysizes-5.3.0-beta1.tgz",
      "integrity": "sha512-4ZEoV4UXvz5L96XBuaFphGlq8BVi78kIA4kL3ls2qSYMEgGBdXMgsh8u+bTVjbdwbXfzXtWc71OH4EfEEPVZoA=="
    },
    "motion-ui": {
      "version": "2.0.3",
      "resolved": "https://registry.npmjs.org/motion-ui/-/motion-ui-2.0.3.tgz",
      "integrity": "sha512-f9xzh/hbZTUYjk4M7y1aDcsiPTfqUbuvCv/+If05TSIBEJMu3hGBU+YSe9csQPP7WBBHXxjossEygM/TJo2enw=="
    },
    "what-input": {
      "version": "5.2.10",
      "resolved": "https://registry.npmjs.org/what-input/-/what-input-5.2.10.tgz",
      "integrity": "sha512-7AQoIMGq7uU8esmKniOtZG3A+pzlwgeyFpkS3f/yzRbxknSL68tvn5gjE6bZ4OMFxCPjpaBd2udUTqlZ0HwrXQ=="
    }
  }
}
