{
  "name": "jekyll4",
  "version": "1.0.0",
  "lockfileVersion": 2,
  "requires": true,
  "packages": {
    "": {
      "name": "jekyll4",
      "version": "1.0.0",
      "license": "ISC",
      "devDependencies": {
        "foundation-sites": "^6.6.3",
        "instant.page": "^5.1.0",
        "jquery": "^3.5.1",
        "lazysizes": "^5.3.0",
        "motion-ui": "^2.0.3",
        "netlify-plugin-jekyll-cache": "^1.0.0",
        "what-input": "^5.2.10"
      }
    },
    "node_modules/foundation-sites": {
      "version": "6.6.3",
      "resolved": "https://registry.npmjs.org/foundation-sites/-/foundation-sites-6.6.3.tgz",
      "integrity": "sha512-8X93wUAmUg1HhVv8uWMWnwoBLSQWSmFImJencneIZDctswn724Bq/MV1cbPZN/GFWGOB/9ngoQHztfzd4+ovCg==",
      "dev": true,
      "engines": {
        "node": ">=8.4.0"
      },
      "peerDependencies": {
        "jquery": ">=2.2.0",
        "what-input": ">=4.1.0"
      }
    },
    "node_modules/instant.page": {
      "version": "5.1.0",
      "resolved": "https://registry.npmjs.org/instant.page/-/instant.page-5.1.0.tgz",
      "integrity": "sha512-7tz0vkrbj6rN08+C56UDTs1Z71ATPNjMv2eCFaYnIIn3jlkEF6HZCaUtsigjaN2hVaYiuu06vu1usDMnu+OEFg==",
      "dev": true
    },
    "node_modules/jquery": {
      "version": "3.5.1",
      "resolved": "https://registry.npmjs.org/jquery/-/jquery-3.5.1.tgz",
      "integrity": "sha512-XwIBPqcMn57FxfT+Go5pzySnm4KWkT1Tv7gjrpT1srtf8Weynl6R273VJ5GjkRb51IzMp5nbaPjJXMWeju2MKg==",
      "dev": true
    },
    "node_modules/lazysizes": {
      "version": "5.3.0",
      "resolved": "https://registry.npmjs.org/lazysizes/-/lazysizes-5.3.0.tgz",
      "integrity": "sha512-h5i4WPc2FdeTOUHBcU7eyNnOULPCC90wVho+SQTZRh9Q8lev6P0yFwKq8rvfMdBvsKsCyDQBdqoBng9FYbcR/g==",
      "dev": true
    },
    "node_modules/motion-ui": {
      "version": "2.0.3",
      "resolved": "https://registry.npmjs.org/motion-ui/-/motion-ui-2.0.3.tgz",
      "integrity": "sha512-f9xzh/hbZTUYjk4M7y1aDcsiPTfqUbuvCv/+If05TSIBEJMu3hGBU+YSe9csQPP7WBBHXxjossEygM/TJo2enw==",
      "dev": true,
      "peerDependencies": {
        "jquery": ">=2.2.0"
      }
    },
    "node_modules/netlify-plugin-jekyll-cache": {
      "version": "1.0.0",
      "resolved": "https://registry.npmjs.org/netlify-plugin-jekyll-cache/-/netlify-plugin-jekyll-cache-1.0.0.tgz",
      "integrity": "sha512-OD2UNImwBZI20rrc0PbHvrZNW8NJgBP6GjNEQ4G0QX+V+KOftycxydfY5o/mIvAGlaf114zWAtqV/XF3CA8ulw==",
      "dev": true
    },
    "node_modules/what-input": {
      "version": "5.2.10",
      "resolved": "https://registry.npmjs.org/what-input/-/what-input-5.2.10.tgz",
      "integrity": "sha512-7AQoIMGq7uU8esmKniOtZG3A+pzlwgeyFpkS3f/yzRbxknSL68tvn5gjE6bZ4OMFxCPjpaBd2udUTqlZ0HwrXQ==",
      "dev": true
    }
  },
  "dependencies": {
    "foundation-sites": {
      "version": "6.6.3",
      "resolved": "https://registry.npmjs.org/foundation-sites/-/foundation-sites-6.6.3.tgz",
      "integrity": "sha512-8X93wUAmUg1HhVv8uWMWnwoBLSQWSmFImJencneIZDctswn724Bq/MV1cbPZN/GFWGOB/9ngoQHztfzd4+ovCg==",
      "dev": true,
      "requires": {}
    },
    "instant.page": {
      "version": "5.1.0",
      "resolved": "https://registry.npmjs.org/instant.page/-/instant.page-5.1.0.tgz",
      "integrity": "sha512-7tz0vkrbj6rN08+C56UDTs1Z71ATPNjMv2eCFaYnIIn3jlkEF6HZCaUtsigjaN2hVaYiuu06vu1usDMnu+OEFg==",
      "dev": true
    },
    "jquery": {
      "version": "3.5.1",
      "resolved": "https://registry.npmjs.org/jquery/-/jquery-3.5.1.tgz",
      "integrity": "sha512-XwIBPqcMn57FxfT+Go5pzySnm4KWkT1Tv7gjrpT1srtf8Weynl6R273VJ5GjkRb51IzMp5nbaPjJXMWeju2MKg==",
      "dev": true
    },
    "lazysizes": {
      "version": "5.3.0",
      "resolved": "https://registry.npmjs.org/lazysizes/-/lazysizes-5.3.0.tgz",
      "integrity": "sha512-h5i4WPc2FdeTOUHBcU7eyNnOULPCC90wVho+SQTZRh9Q8lev6P0yFwKq8rvfMdBvsKsCyDQBdqoBng9FYbcR/g==",
      "dev": true
    },
    "motion-ui": {
      "version": "2.0.3",
      "resolved": "https://registry.npmjs.org/motion-ui/-/motion-ui-2.0.3.tgz",
      "integrity": "sha512-f9xzh/hbZTUYjk4M7y1aDcsiPTfqUbuvCv/+If05TSIBEJMu3hGBU+YSe9csQPP7WBBHXxjossEygM/TJo2enw==",
      "dev": true,
      "requires": {}
    },
    "netlify-plugin-jekyll-cache": {
      "version": "1.0.0",
      "resolved": "https://registry.npmjs.org/netlify-plugin-jekyll-cache/-/netlify-plugin-jekyll-cache-1.0.0.tgz",
      "integrity": "sha512-OD2UNImwBZI20rrc0PbHvrZNW8NJgBP6GjNEQ4G0QX+V+KOftycxydfY5o/mIvAGlaf114zWAtqV/XF3CA8ulw==",
      "dev": true
    },
    "what-input": {
      "version": "5.2.10",
      "resolved": "https://registry.npmjs.org/what-input/-/what-input-5.2.10.tgz",
      "integrity": "sha512-7AQoIMGq7uU8esmKniOtZG3A+pzlwgeyFpkS3f/yzRbxknSL68tvn5gjE6bZ4OMFxCPjpaBd2udUTqlZ0HwrXQ==",
      "dev": true
    }
  }
}
